
Microsoft Visual Studio Solution File, Format Version 11.00
# Visual Studio 2010
Project("{8BC9CEB8-8B4A-11D0-8D11-00A0C91BC942}") = "CSFiltr", "CSFiltr.vcxproj", "{72D51E8D-434E-4AD3-B4E0-529C4D9C943E}"
EndProject
Global
	GlobalSection(SolutionConfigurationPlatforms) = preSolution
		Debug|Win32 = Debug|Win32
		Debug|x64 = Debug|x64
		DebugMPI|Win32 = DebugMPI|Win32
		DebugMPI|x64 = DebugMPI|x64
		Release|Win32 = Release|Win32
		Release|x64 = Release|x64
	EndGlobalSection
	GlobalSection(ProjectConfigurationPlatforms) = postSolution
		{72D51E8D-434E-4AD3-B4E0-529C4D9C943E}.Debug|Win32.ActiveCfg = Debug|Win32
		{72D51E8D-434E-4AD3-B4E0-529C4D9C943E}.Debug|Win32.Build.0 = Debug|Win32
		{72D51E8D-434E-4AD3-B4E0-529C4D9C943E}.Debug|x64.ActiveCfg = Debug|x64
		{72D51E8D-434E-4AD3-B4E0-529C4D9C943E}.Debug|x64.Build.0 = Debug|x64
		{72D51E8D-434E-4AD3-B4E0-529C4D9C943E}.DebugMPI|Win32.ActiveCfg = DebugMPI|Win32
		{72D51E8D-434E-4AD3-B4E0-529C4D9C943E}.DebugMPI|Win32.Build.0 = DebugMPI|Win32
		{72D51E8D-434E-4AD3-B4E0-529C4D9C943E}.DebugMPI|x64.ActiveCfg = DebugMPI|x64
		{72D51E8D-434E-4AD3-B4E0-529C4D9C943E}.DebugMPI|x64.Build.0 = DebugMPI|x64
		{72D51E8D-434E-4AD3-B4E0-529C4D9C943E}.Release|Win32.ActiveCfg = Release|Win32
		{72D51E8D-434E-4AD3-B4E0-529C4D9C943E}.Release|Win32.Build.0 = Release|Win32
		{72D51E8D-434E-4AD3-B4E0-529C4D9C943E}.Release|x64.ActiveCfg = Release|x64
		{72D51E8D-434E-4AD3-B4E0-529C4D9C943E}.Release|x64.Build.0 = Release|x64
	EndGlobalSection
	GlobalSection(SolutionProperties) = preSolution
		HideSolutionNode = FALSE
	EndGlobalSection
EndGlobal
